
Microsoft Visual Studio Solution File, Format Version 12.00
# Visual Studio Version 16
VisualStudioVersion = 16.0.32106.194
MinimumVisualStudioVersion = 10.0.40219.1
Project("{FAE04EC0-301F-11D3-BF4B-00C04F79EFBC}") = "Aero-booking-system", "Aero-booking-system\Aero-booking-system.csproj", "{9E02A6FB-EB5F-478E-8C58-A0E123D78B80}"
EndProject
Project("{FAE04EC0-301F-11D3-BF4B-00C04F79EFBC}") = "Aero-booking-system.DAL", "Aero-booking-system.DAL\Aero-booking-system.DAL.csproj", "{13491AB8-28FC-4371-963F-9E2CC4E100BF}"
EndProject
Project("{FAE04EC0-301F-11D3-BF4B-00C04F79EFBC}") = "Aero-booking-system.Domain", "Aero-booking-system.Domain\Aero-booking-system.Domain.csproj", "{6ABEFD17-68D4-4818-A3E9-AF996BF59D68}"
EndProject
Global
	GlobalSection(SolutionConfigurationPlatforms) = preSolution
		Debug|Any CPU = Debug|Any CPU
		Release|Any CPU = Release|Any CPU
	EndGlobalSection
	GlobalSection(ProjectConfigurationPlatforms) = postSolution
		{9E02A6FB-EB5F-478E-8C58-A0E123D78B80}.Debug|Any CPU.ActiveCfg = Debug|Any CPU
		{9E02A6FB-EB5F-478E-8C58-A0E123D78B80}.Debug|Any CPU.Build.0 = Debug|Any CPU
		{9E02A6FB-EB5F-478E-8C58-A0E123D78B80}.Release|Any CPU.ActiveCfg = Release|Any CPU
		{9E02A6FB-EB5F-478E-8C58-A0E123D78B80}.Release|Any CPU.Build.0 = Release|Any CPU
		{13491AB8-28FC-4371-963F-9E2CC4E100BF}.Debug|Any CPU.ActiveCfg = Debug|Any CPU
		{13491AB8-28FC-4371-963F-9E2CC4E100BF}.Debug|Any CPU.Build.0 = Debug|Any CPU
		{13491AB8-28FC-4371-963F-9E2CC4E100BF}.Release|Any CPU.ActiveCfg = Release|Any CPU
		{13491AB8-28FC-4371-963F-9E2CC4E100BF}.Release|Any CPU.Build.0 = Release|Any CPU
		{6ABEFD17-68D4-4818-A3E9-AF996BF59D68}.Debug|Any CPU.ActiveCfg = Debug|Any CPU
		{6ABEFD17-68D4-4818-A3E9-AF996BF59D68}.Debug|Any CPU.Build.0 = Debug|Any CPU
		{6ABEFD17-68D4-4818-A3E9-AF996BF59D68}.Release|Any CPU.ActiveCfg = Release|Any CPU
		{6ABEFD17-68D4-4818-A3E9-AF996BF59D68}.Release|Any CPU.Build.0 = Release|Any CPU
	EndGlobalSection
	GlobalSection(SolutionProperties) = preSolution
		HideSolutionNode = FALSE
	EndGlobalSection
	GlobalSection(ExtensibilityGlobals) = postSolution
		SolutionGuid = {B3861A9A-C425-4EFD-8896-B25FF3924ACC}
	EndGlobalSection
EndGlobal
